
Microsoft Visual Studio Solution File, Format Version 12.00
# Visual Studio Version 17
VisualStudioVersion = 17.7.34031.279
MinimumVisualStudioVersion = 10.0.40219.1
Project("{FAE04EC0-301F-11D3-BF4B-00C04F79EFBC}") = "Sokolovlab2-1", "Sokolovlab2-1\Sokolovlab2-1.csproj", "{FC79928E-0012-429E-9F17-257768FDCAF2}"
EndProject
Global
	GlobalSection(SolutionConfigurationPlatforms) = preSolution
		Debug|Any CPU = Debug|Any CPU
		Release|Any CPU = Release|Any CPU
	EndGlobalSection
	GlobalSection(ProjectConfigurationPlatforms) = postSolution
		{FC79928E-0012-429E-9F17-257768FDCAF2}.Debug|Any CPU.ActiveCfg = Debug|Any CPU
		{FC79928E-0012-429E-9F17-257768FDCAF2}.Debug|Any CPU.Build.0 = Debug|Any CPU
		{FC79928E-0012-429E-9F17-257768FDCAF2}.Release|Any CPU.ActiveCfg = Release|Any CPU
		{FC79928E-0012-429E-9F17-257768FDCAF2}.Release|Any CPU.Build.0 = Release|Any CPU
	EndGlobalSection
	GlobalSection(SolutionProperties) = preSolution
		HideSolutionNode = FALSE
	EndGlobalSection
	GlobalSection(ExtensibilityGlobals) = postSolution
		SolutionGuid = {D6ACC6FD-B0EF-47F3-B958-BDB70C00605A}
	EndGlobalSection
EndGlobal
